PODS:
  - Flutter (1.0.0)
  - flutter_naver_login (0.0.1):
    - Flutter
    - naveridlogin-sdk-ios (~> 4.2.3)
  - naveridlogin-sdk-ios (4.2.3)

DEPENDENCIES:
  - Flutter (from `Flutter`)
  - flutter_naver_login (from `.symlinks/plugins/flutter_naver_login/ios`)

SPEC REPOS:
  trunk:
    - naveridlogin-sdk-ios

EXTERNAL SOURCES:
  Flutter:
    :path: Flutter
  flutter_naver_login:
    :path: ".symlinks/plugins/flutter_naver_login/ios"

SPEC CHECKSUMS:
  Flutter: e0871f40cf51350855a761d2e70bf5af5b9b5de7
  flutter_naver_login: b4ce5609c9fc52986f5d0384114a7b22d19443fe
  naveridlogin-sdk-ios: d9d46d02119d303023d7000cd5963864d5bb89e5

PODFILE CHECKSUM: d711c5485864f6959826832643f89924d244997c

COCOAPODS: 1.15.2
