PODS:
  - Alamofire (5.0.0-beta.6)
  - Flutter (1.0.0)
  - flutter_naver_login (0.1.1):
    - Alamofire (~> 5.0.0-beta.5)
    - Flutter
    - naveridlogin-sdk-ios (= 4.0.12)
  - naveridlogin-sdk-ios (4.0.12)

DEPENDENCIES:
  - Flutter (from `.symlinks/flutter/ios`)
  - flutter_naver_login (from `.symlinks/plugins/flutter_naver_login/ios`)

SPEC REPOS:
  https://github.com/cocoapods/specs.git:
    - Alamofire
    - naveridlogin-sdk-ios

EXTERNAL SOURCES:
  Flutter:
    :path: ".symlinks/flutter/ios"
  flutter_naver_login:
    :path: ".symlinks/plugins/flutter_naver_login/ios"

SPEC CHECKSUMS:
  Alamofire: cd08a4402bd12cacd0c66f23fb12fec8d6b965e4
  Flutter: 58dd7d1b27887414a370fcccb9e645c08ffd7a6a
  flutter_naver_login: bf8e02f47adebf461a299f1725f8df9853ed90bd
  naveridlogin-sdk-ios: f894849d1f3454f8a68a57383ba29bd9f0d0257f

PODFILE CHECKSUM: ebd43b443038e611b86ede96e613bd6033c49497

COCOAPODS: 1.6.1
